// !$*UTF8*$!
{
	archiveVersion = 1;
	classes = {
	};
	objectVersion = 77;
	objects = {

/* Begin PBXContainerItemProxy section */
		BE2F9BF82DCE75AD009DE971 /* PBXContainerItemProxy */ = {
			isa = PBXContainerItemProxy;
			containerPortal = BE2F9BE22DCE75AB009DE971 /* Project object */;
			proxyType = 1;
			remoteGlobalIDString = BE2F9BE92DCE75AB009DE971;
			remoteInfo = W8Repr;
		};
		BE2F9C022DCE75AE009DE971 /* PBXContainerItemProxy */ = {
			isa = PBXContainerItemProxy;
			containerPortal = BE2F9BE22DCE75AB009DE971 /* Project object */;
			proxyType = 1;
			remoteGlobalIDString = BE2F9BE92DCE75AB009DE971;
			remoteInfo = W8Repr;
		};
/* End PBXContainerItemProxy section */

/* Begin PBXFileReference section */
		BE2F9BEA2DCE75AB009DE971 /* W8Repr.app */ = {isa = PBXFileReference; explicitFileType = wrapper.application; includeInIndex = 0; path = W8Repr.app; sourceTree = BUILT_PRODUCTS_DIR; };
		BE2F9BF72DCE75AD009DE971 /* W8ReprTests.xctest */ = {isa = PBXFileReference; explicitFileType = wrapper.cfbundle; includeInIndex = 0; path = W8ReprTests.xctest; sourceTree = BUILT_PRODUCTS_DIR; };
		BE2F9C012DCE75AE009DE971 /* W8ReprUITests.xctest */ = {isa = PBXFileReference; explicitFileType = wrapper.cfbundle; includeInIndex = 0; path = W8ReprUITests.xctest; sourceTree = BUILT_PRODUCTS_DIR; };
/* End PBXFileReference section */

/* Begin PBXFileSystemSynchronizedRootGroup section */
		BE2F9BEC2DCE75AB009DE971 /* W8Repr */ = {
			isa = PBXFileSystemSynchronizedRootGroup;
			path = W8Repr;
			sourceTree = "<group>";
		};
		BE2F9BFA2DCE75AD009DE971 /* W8ReprTests */ = {
			isa = PBXFileSystemSynchronizedRootGroup;
			path = W8ReprTests;
			sourceTree = "<group>";
		};
		BE2F9C042DCE75AE009DE971 /* W8ReprUITests */ = {
			isa = PBXFileSystemSynchronizedRootGroup;
			path = W8ReprUITests;
			sourceTree = "<group>";
		};
/* End PBXFileSystemSynchronizedRootGroup section */

/* Begin PBXFrameworksBuildPhase section */
		BE2F9BE72DCE75AB009DE971 /* Frameworks */ = {
			isa = PBXFrameworksBuildPhase;
			buildActionMask = 2147483647;
			files = (
			);
			runOnlyForDeploymentPostprocessing = 0;
		};
		BE2F9BF42DCE75AD009DE971 /* Frameworks */ = {
			isa = PBXFrameworksBuildPhase;
			buildActionMask = 2147483647;
			files = (
			);
			runOnlyForDeploymentPostprocessing = 0;
		};
		BE2F9BFE2DCE75AE009DE971 /* Frameworks */ = {
			isa = PBXFrameworksBuildPhase;
			buildActionMask = 2147483647;
			files = (
			);
			runOnlyForDeploymentPostprocessing = 0;
		};
/* End PBXFrameworksBuildPhase section */

/* Begin PBXGroup section */
		BE2F9BE12DCE75AB009DE971 = {
			isa = PBXGroup;
			children = (
				BE2F9BEC2DCE75AB009DE971 /* W8Repr */,
				BE2F9BFA2DCE75AD009DE971 /* W8ReprTests */,
				BE2F9C042DCE75AE009DE971 /* W8ReprUITests */,
				BE2F9BEB2DCE75AB009DE971 /* Products */,
			);
			sourceTree = "<group>";
		};
		BE2F9BEB2DCE75AB009DE971 /* Products */ = {
			isa = PBXGroup;
			children = (
				BE2F9BEA2DCE75AB009DE971 /* W8Repr.app */,
				BE2F9BF72DCE75AD009DE971 /* W8ReprTests.xctest */,
				BE2F9C012DCE75AE009DE971 /* W8ReprUITests.xctest */,
			);
			name = Products;
			sourceTree = "<group>";
		};
/* End PBXGroup section */

/* Begin PBXNativeTarget section */
		BE2F9BE92DCE75AB009DE971 /* W8Repr */ = {
			isa = PBXNativeTarget;
			buildConfigurationList = BE2F9C0B2DCE75AE009DE971 /* Build configuration list for PBXNativeTarget "W8Repr" */;
			buildPhases = (
				BE2F9BE62DCE75AB009DE971 /* Sources */,
				BE2F9BE72DCE75AB009DE971 /* Frameworks */,
				BE2F9BE82DCE75AB009DE971 /* Resources */,
			);
			buildRules = (
			);
			dependencies = (
			);
			fileSystemSynchronizedGroups = (
				BE2F9BEC2DCE75AB009DE971 /* W8Repr */,
			);
			name = W8Repr;
			packageProductDependencies = (
			);
			productName = W8Repr;
			productReference = BE2F9BEA2DCE75AB009DE971 /* W8Repr.app */;
			productType = "com.apple.product-type.application";
		};
		BE2F9BF62DCE75AD009DE971 /* W8ReprTests */ = {
			isa = PBXNativeTarget;
			buildConfigurationList = BE2F9C0E2DCE75AE009DE971 /* Build configuration list for PBXNativeTarget "W8ReprTests" */;
			buildPhases = (
				BE2F9BF32DCE75AD009DE971 /* Sources */,
				BE2F9BF42DCE75AD009DE971 /* Frameworks */,
				BE2F9BF52DCE75AD009DE971 /* Resources */,
			);
			buildRules = (
			);
			dependencies = (
				BE2F9BF92DCE75AD009DE971 /* PBXTargetDependency */,
			);
			fileSystemSynchronizedGroups = (
				BE2F9BFA2DCE75AD009DE971 /* W8ReprTests */,
			);
			name = W8ReprTests;
			packageProductDependencies = (
			);
			productName = W8ReprTests;
			productReference = BE2F9BF72DCE75AD009DE971 /* W8ReprTests.xctest */;
			productType = "com.apple.product-type.bundle.unit-test";
		};
		BE2F9C002DCE75AE009DE971 /* W8ReprUITests */ = {
			isa = PBXNativeTarget;
			buildConfigurationList = BE2F9C112DCE75AE009DE971 /* Build configuration list for PBXNativeTarget "W8ReprUITests" */;
			buildPhases = (
				BE2F9BFD2DCE75AE009DE971 /* Sources */,
				BE2F9BFE2DCE75AE009DE971 /* Frameworks */,
				BE2F9BFF2DCE75AE009DE971 /* Resources */,
			);
			buildRules = (
			);
			dependencies = (
				BE2F9C032DCE75AE009DE971 /* PBXTargetDependency */,
			);
			fileSystemSynchronizedGroups = (
				BE2F9C042DCE75AE009DE971 /* W8ReprUITests */,
			);
			name = W8ReprUITests;
			packageProductDependencies = (
			);
			productName = W8ReprUITests;
			productReference = BE2F9C012DCE75AE009DE971 /* W8ReprUITests.xctest */;
			productType = "com.apple.product-type.bundle.ui-testing";
		};
/* End PBXNativeTarget section */

/* Begin PBXProject section */
		BE2F9BE22DCE75AB009DE971 /* Project object */ = {
			isa = PBXProject;
			attributes = {
				BuildIndependentTargetsInParallel = 1;
				LastSwiftUpdateCheck = 1630;
				LastUpgradeCheck = 1630;
				TargetAttributes = {
					BE2F9BE92DCE75AB009DE971 = {
						CreatedOnToolsVersion = 16.3;
					};
					BE2F9BF62DCE75AD009DE971 = {
						CreatedOnToolsVersion = 16.3;
						TestTargetID = BE2F9BE92DCE75AB009DE971;
					};
					BE2F9C002DCE75AE009DE971 = {
						CreatedOnToolsVersion = 16.3;
						TestTargetID = BE2F9BE92DCE75AB009DE971;
					};
				};
			};
			buildConfigurationList = BE2F9BE52DCE75AB009DE971 /* Build configuration list for PBXProject "W8Repr" */;
			developmentRegion = en;
			hasScannedForEncodings = 0;
			knownRegions = (
				en,
				Base,
			);
			mainGroup = BE2F9BE12DCE75AB009DE971;
			minimizedProjectReferenceProxies = 1;
			preferredProjectObjectVersion = 77;
			productRefGroup = BE2F9BEB2DCE75AB009DE971 /* Products */;
			projectDirPath = "";
			projectRoot = "";
			targets = (
				BE2F9BE92DCE75AB009DE971 /* W8Repr */,
				BE2F9BF62DCE75AD009DE971 /* W8ReprTests */,
				BE2F9C002DCE75AE009DE971 /* W8ReprUITests */,
			);
		};
/* End PBXProject section */

/* Begin PBXResourcesBuildPhase section */
		BE2F9BE82DCE75AB009DE971 /* Resources */ = {
			isa = PBXResourcesBuildPhase;
			buildActionMask = 2147483647;
			files = (
			);
			runOnlyForDeploymentPostprocessing = 0;
		};
		BE2F9BF52DCE75AD009DE971 /* Resources */ = {
			isa = PBXResourcesBuildPhase;
			buildActionMask = 2147483647;
			files = (
			);
			runOnlyForDeploymentPostprocessing = 0;
		};
		BE2F9BFF2DCE75AE009DE971 /* Resources */ = {
			isa = PBXResourcesBuildPhase;
			buildActionMask = 2147483647;
			files = (
			);
			runOnlyForDeploymentPostprocessing = 0;
		};
/* End PBXResourcesBuildPhase section */

/* Begin PBXSourcesBuildPhase section */
		BE2F9BE62DCE75AB009DE971 /* Sources */ = {
			isa = PBXSourcesBuildPhase;
			buildActionMask = 2147483647;
			files = (
			);
			runOnlyForDeploymentPostprocessing = 0;
		};
		BE2F9BF32DCE75AD009DE971 /* Sources */ = {
			isa = PBXSourcesBuildPhase;
			buildActionMask = 2147483647;
			files = (
			);
			runOnlyForDeploymentPostprocessing = 0;
		};
		BE2F9BFD2DCE75AE009DE971 /* Sources */ = {
			isa = PBXSourcesBuildPhase;
			buildActionMask = 2147483647;
			files = (
			);
			runOnlyForDeploymentPostprocessing = 0;
		};
/* End PBXSourcesBuildPhase section */

/* Begin PBXTargetDependency section */
		BE2F9BF92DCE75AD009DE971 /* PBXTargetDependency */ = {
			isa = PBXTargetDependency;
			target = BE2F9BE92DCE75AB009DE971 /* W8Repr */;
			targetProxy = BE2F9BF82DCE75AD009DE971 /* PBXContainerItemProxy */;
		};
		BE2F9C032DCE75AE009DE971 /* PBXTargetDependency */ = {
			isa = PBXTargetDependency;
			target = BE2F9BE92DCE75AB009DE971 /* W8Repr */;
			targetProxy = BE2F9C022DCE75AE009DE971 /* PBXContainerItemProxy */;
		};
/* End PBXTargetDependency section */

/* Begin XCBuildConfiguration section */
		BE2F9C092DCE75AE009DE971 /* Debug */ = {
			isa = XCBuildConfiguration;
			buildSettings = {
				ALWAYS_SEARCH_USER_PATHS = NO;
				ASSETCATALOG_COMPILER_GENERATE_SWIFT_ASSET_SYMBOL_EXTENSIONS = YES;
				CLANG_ANALYZER_NONNULL = YES;
				CLANG_ANALYZER_NUMBER_OBJECT_CONVERSION = YES_AGGRESSIVE;
				CLANG_CXX_LANGUAGE_STANDARD = "gnu++20";
				CLANG_ENABLE_MODULES = YES;
				CLANG_ENABLE_OBJC_ARC = YES;
				CLANG_ENABLE_OBJC_WEAK = YES;
				CLANG_WARN_BLOCK_CAPTURE_AUTORELEASING = YES;
				CLANG_WARN_BOOL_CONVERSION = YES;
				CLANG_WARN_COMMA = YES;
				CLANG_WARN_CONSTANT_CONVERSION = YES;
				CLANG_WARN_DEPRECATED_OBJC_IMPLEMENTATIONS = YES;
				CLANG_WARN_DIRECT_OBJC_ISA_USAGE = YES_ERROR;
				CLANG_WARN_DOCUMENTATION_COMMENTS = YES;
				CLANG_WARN_EMPTY_BODY = YES;
				CLANG_WARN_ENUM_CONVERSION = YES;
				CLANG_WARN_INFINITE_RECURSION = YES;
				CLANG_WARN_INT_CONVERSION = YES;
				CLANG_WARN_NON_LITERAL_NULL_CONVERSION = YES;
				CLANG_WARN_OBJC_IMPLICIT_RETAIN_SELF = YES;
				CLANG_WARN_OBJC_LITERAL_CONVERSION = YES;
				CLANG_WARN_OBJC_ROOT_CLASS = YES_ERROR;
				CLANG_WARN_QUOTED_INCLUDE_IN_FRAMEWORK_HEADER = YES;
				CLANG_WARN_RANGE_LOOP_ANALYSIS = YES;
				CLANG_WARN_STRICT_PROTOTYPES = YES;
				CLANG_WARN_SUSPICIOUS_MOVE = YES;
				CLANG_WARN_UNGUARDED_AVAILABILITY = YES_AGGRESSIVE;
				CLANG_WARN_UNREACHABLE_CODE = YES;
				CLANG_WARN__DUPLICATE_METHOD_MATCH = YES;
				COPY_PHASE_STRIP = NO;
				DEBUG_INFORMATION_FORMAT = dwarf;
				DEVELOPMENT_TEAM = 77QB78PHPH;
				ENABLE_STRICT_OBJC_MSGSEND = YES;
				ENABLE_TESTABILITY = YES;
				ENABLE_USER_SCRIPT_SANDBOXING = YES;
				GCC_C_LANGUAGE_STANDARD = gnu17;
				GCC_DYNAMIC_NO_PIC = NO;
				GCC_NO_COMMON_BLOCKS = YES;
				GCC_OPTIMIZATION_LEVEL = 0;
				GCC_PREPROCESSOR_DEFINITIONS = (
					"DEBUG=1",
					"$(inherited)",
				);
				GCC_WARN_64_TO_32_BIT_CONVERSION = YES;
				GCC_WARN_ABOUT_RETURN_TYPE = YES_ERROR;
				GCC_WARN_UNDECLARED_SELECTOR = YES;
				GCC_WARN_UNINITIALIZED_AUTOS = YES_AGGRESSIVE;
				GCC_WARN_UNUSED_FUNCTION = YES;
				GCC_WARN_UNUSED_VARIABLE = YES;
				IPHONEOS_DEPLOYMENT_TARGET = 18.4;
				LOCALIZATION_PREFERS_STRING_CATALOGS = YES;
				MTL_ENABLE_DEBUG_INFO = INCLUDE_SOURCE;
				MTL_FAST_MATH = YES;
				ONLY_ACTIVE_ARCH = YES;
				SDKROOT = iphoneos;
				SWIFT_ACTIVE_COMPILATION_CONDITIONS = "DEBUG $(inherited)";
				SWIFT_OPTIMIZATION_LEVEL = "-Onone";
			};
			name = Debug;
		};
		BE2F9C0A2DCE75AE009DE971 /* Release */ = {
			isa = XCBuildConfiguration;
			buildSettings = {
				ALWAYS_SEARCH_USER_PATHS = NO;
				ASSETCATALOG_COMPILER_GENERATE_SWIFT_ASSET_SYMBOL_EXTENSIONS = YES;
				CLANG_ANALYZER_NONNULL = YES;
				CLANG_ANALYZER_NUMBER_OBJECT_CONVERSION = YES_AGGRESSIVE;
				CLANG_CXX_LANGUAGE_STANDARD = "gnu++20";
				CLANG_ENABLE_MODULES = YES;
				CLANG_ENABLE_OBJC_ARC = YES;
				CLANG_ENABLE_OBJC_WEAK = YES;
				CLANG_WARN_BLOCK_CAPTURE_AUTORELEASING = YES;
				CLANG_WARN_BOOL_CONVERSION = YES;
				CLANG_WARN_COMMA = YES;
				CLANG_WARN_CONSTANT_CONVERSION = YES;
				CLANG_WARN_DEPRECATED_OBJC_IMPLEMENTATIONS = YES;
				CLANG_WARN_DIRECT_OBJC_ISA_USAGE = YES_ERROR;
				CLANG_WARN_DOCUMENTATION_COMMENTS = YES;
				CLANG_WARN_EMPTY_BODY = YES;
				CLANG_WARN_ENUM_CONVERSION = YES;
				CLANG_WARN_INFINITE_RECURSION = YES;
				CLANG_WARN_INT_CONVERSION = YES;
				CLANG_WARN_NON_LITERAL_NULL_CONVERSION = YES;
				CLANG_WARN_OBJC_IMPLICIT_RETAIN_SELF = YES;
				CLANG_WARN_OBJC_LITERAL_CONVERSION = YES;
				CLANG_WARN_OBJC_ROOT_CLASS = YES_ERROR;
				CLANG_WARN_QUOTED_INCLUDE_IN_FRAMEWORK_HEADER = YES;
				CLANG_WARN_RANGE_LOOP_ANALYSIS = YES;
				CLANG_WARN_STRICT_PROTOTYPES = YES;
				CLANG_WARN_SUSPICIOUS_MOVE = YES;
				CLANG_WARN_UNGUARDED_AVAILABILITY = YES_AGGRESSIVE;
				CLANG_WARN_UNREACHABLE_CODE = YES;
				CLANG_WARN__DUPLICATE_METHOD_MATCH = YES;
				COPY_PHASE_STRIP = NO;
				DEBUG_INFORMATION_FORMAT = "dwarf-with-dsym";
				DEVELOPMENT_TEAM = 77QB78PHPH;
				ENABLE_NS_ASSERTIONS = NO;
				ENABLE_STRICT_OBJC_MSGSEND = YES;
				ENABLE_USER_SCRIPT_SANDBOXING = YES;
				GCC_C_LANGUAGE_STANDARD = gnu17;
				GCC_NO_COMMON_BLOCKS = YES;
				GCC_WARN_64_TO_32_BIT_CONVERSION = YES;
				GCC_WARN_ABOUT_RETURN_TYPE = YES_ERROR;
				GCC_WARN_UNDECLARED_SELECTOR = YES;
				GCC_WARN_UNINITIALIZED_AUTOS = YES_AGGRESSIVE;
				GCC_WARN_UNUSED_FUNCTION = YES;
				GCC_WARN_UNUSED_VARIABLE = YES;
				IPHONEOS_DEPLOYMENT_TARGET = 18.4;
				LOCALIZATION_PREFERS_STRING_CATALOGS = YES;
				MTL_ENABLE_DEBUG_INFO = NO;
				MTL_FAST_MATH = YES;
				SDKROOT = iphoneos;
				SWIFT_COMPILATION_MODE = wholemodule;
				VALIDATE_PRODUCT = YES;
			};
			name = Release;
		};
		BE2F9C0C2DCE75AE009DE971 /* Debug */ = {
			isa = XCBuildConfiguration;
			buildSettings = {
				ASSETCATALOG_COMPILER_APPICON_NAME = AppIcon;
				ASSETCATALOG_COMPILER_GLOBAL_ACCENT_COLOR_NAME = AccentColor;
				CODE_SIGN_STYLE = Automatic;
				CURRENT_PROJECT_VERSION = 1;
				DEVELOPMENT_TEAM = 77QB78PHPH;
				ENABLE_PREVIEWS = YES;
				GENERATE_INFOPLIST_FILE = YES;
				INFOPLIST_KEY_UIApplicationSceneManifest_Generation = YES;
				INFOPLIST_KEY_UIApplicationSupportsIndirectInputEvents = YES;
				INFOPLIST_KEY_UILaunchScreen_Generation = YES;
				INFOPLIST_KEY_UISupportedInterfaceOrientations_iPad = "UIInterfaceOrientationPortrait UIInterfaceOrientationPortraitUpsideDown UIInterfaceOrientationLandscapeLeft UIInterfaceOrientationLandscapeRight";
				INFOPLIST_KEY_UISupportedInterfaceOrientations_iPhone = "UIInterfaceOrientationPortrait UIInterfaceOrientationLandscapeLeft UIInterfaceOrientationLandscapeRight";
				LD_RUNPATH_SEARCH_PATHS = (
					"$(inherited)",
					"@executable_path/Frameworks",
				);
				MARKETING_VERSION = 1.0;
				PRODUCT_BUNDLE_IDENTIFIER = com.saults.W8Repr;
				PRODUCT_NAME = "$(TARGET_NAME)";
				SWIFT_EMIT_LOC_STRINGS = YES;
				SWIFT_VERSION = 5.0;
				TARGETED_DEVICE_FAMILY = "1,2";
			};
			name = Debug;
		};
		BE2F9C0D2DCE75AE009DE971 /* Release */ = {
			isa = XCBuildConfiguration;
			buildSettings = {
				ASSETCATALOG_COMPILER_APPICON_NAME = AppIcon;
				ASSETCATALOG_COMPILER_GLOBAL_ACCENT_COLOR_NAME = AccentColor;
				CODE_SIGN_STYLE = Automatic;
				CURRENT_PROJECT_VERSION = 1;
				DEVELOPMENT_TEAM = 77QB78PHPH;
				ENABLE_PREVIEWS = YES;
				GENERATE_INFOPLIST_FILE = YES;
				INFOPLIST_KEY_UIApplicationSceneManifest_Generation = YES;
				INFOPLIST_KEY_UIApplicationSupportsIndirectInputEvents = YES;
				INFOPLIST_KEY_UILaunchScreen_Generation = YES;
				INFOPLIST_KEY_UISupportedInterfaceOrientations_iPad = "UIInterfaceOrientationPortrait UIInterfaceOrientationPortraitUpsideDown UIInterfaceOrientationLandscapeLeft UIInterfaceOrientationLandscapeRight";
				INFOPLIST_KEY_UISupportedInterfaceOrientations_iPhone = "UIInterfaceOrientationPortrait UIInterfaceOrientationLandscapeLeft UIInterfaceOrientationLandscapeRight";
				LD_RUNPATH_SEARCH_PATHS = (
					"$(inherited)",
					"@executable_path/Frameworks",
				);
				MARKETING_VERSION = 1.0;
				PRODUCT_BUNDLE_IDENTIFIER = com.saults.W8Repr;
				PRODUCT_NAME = "$(TARGET_NAME)";
				SWIFT_EMIT_LOC_STRINGS = YES;
				SWIFT_VERSION = 5.0;
				TARGETED_DEVICE_FAMILY = "1,2";
			};
			name = Release;
		};
		BE2F9C0F2DCE75AE009DE971 /* Debug */ = {
			isa = XCBuildConfiguration;
			buildSettings = {
				BUNDLE_LOADER = "$(TEST_HOST)";
				CODE_SIGN_STYLE = Automatic;
				CURRENT_PROJECT_VERSION = 1;
				DEVELOPMENT_TEAM = 77QB78PHPH;
				GENERATE_INFOPLIST_FILE = YES;
				IPHONEOS_DEPLOYMENT_TARGET = 18.4;
				MARKETING_VERSION = 1.0;
				PRODUCT_BUNDLE_IDENTIFIER = com.saults.W8ReprTests;
				PRODUCT_NAME = "$(TARGET_NAME)";
				SWIFT_EMIT_LOC_STRINGS = NO;
				SWIFT_VERSION = 5.0;
				TARGETED_DEVICE_FAMILY = "1,2";
				TEST_HOST = "$(BUILT_PRODUCTS_DIR)/W8Repr.app/$(BUNDLE_EXECUTABLE_FOLDER_PATH)/W8Repr";
			};
			name = Debug;
		};
		BE2F9C102DCE75AE009DE971 /* Release */ = {
			isa = XCBuildConfiguration;
			buildSettings = {
				BUNDLE_LOADER = "$(TEST_HOST)";
				CODE_SIGN_STYLE = Automatic;
				CURRENT_PROJECT_VERSION = 1;
				DEVELOPMENT_TEAM = 77QB78PHPH;
				GENERATE_INFOPLIST_FILE = YES;
				IPHONEOS_DEPLOYMENT_TARGET = 18.4;
				MARKETING_VERSION = 1.0;
				PRODUCT_BUNDLE_IDENTIFIER = com.saults.W8ReprTests;
				PRODUCT_NAME = "$(TARGET_NAME)";
				SWIFT_EMIT_LOC_STRINGS = NO;
				SWIFT_VERSION = 5.0;
				TARGETED_DEVICE_FAMILY = "1,2";
				TEST_HOST = "$(BUILT_PRODUCTS_DIR)/W8Repr.app/$(BUNDLE_EXECUTABLE_FOLDER_PATH)/W8Repr";
			};
			name = Release;
		};
		BE2F9C122DCE75AE009DE971 /* Debug */ = {
			isa = XCBuildConfiguration;
			buildSettings = {
				CODE_SIGN_STYLE = Automatic;
				CURRENT_PROJECT_VERSION = 1;
				DEVELOPMENT_TEAM = 77QB78PHPH;
				GENERATE_INFOPLIST_FILE = YES;
				MARKETING_VERSION = 1.0;
				PRODUCT_BUNDLE_IDENTIFIER = com.saults.W8ReprUITests;
				PRODUCT_NAME = "$(TARGET_NAME)";
				SWIFT_EMIT_LOC_STRINGS = NO;
				SWIFT_VERSION = 5.0;
				TARGETED_DEVICE_FAMILY = "1,2";
				TEST_TARGET_NAME = W8Repr;
			};
			name = Debug;
		};
		BE2F9C132DCE75AE009DE971 /* Release */ = {
			isa = XCBuildConfiguration;
			buildSettings = {
				CODE_SIGN_STYLE = Automatic;
				CURRENT_PROJECT_VERSION = 1;
				DEVELOPMENT_TEAM = 77QB78PHPH;
				GENERATE_INFOPLIST_FILE = YES;
				MARKETING_VERSION = 1.0;
				PRODUCT_BUNDLE_IDENTIFIER = com.saults.W8ReprUITests;
				PRODUCT_NAME = "$(TARGET_NAME)";
				SWIFT_EMIT_LOC_STRINGS = NO;
				SWIFT_VERSION = 5.0;
				TARGETED_DEVICE_FAMILY = "1,2";
				TEST_TARGET_NAME = W8Repr;
			};
			name = Release;
		};
/* End XCBuildConfiguration section */

/* Begin XCConfigurationList section */
		BE2F9BE52DCE75AB009DE971 /* Build configuration list for PBXProject "W8Repr" */ = {
			isa = XCConfigurationList;
			buildConfigurations = (
				BE2F9C092DCE75AE009DE971 /* Debug */,
				BE2F9C0A2DCE75AE009DE971 /* Release */,
			);
			defaultConfigurationIsVisible = 0;
			defaultConfigurationName = Release;
		};
		BE2F9C0B2DCE75AE009DE971 /* Build configuration list for PBXNativeTarget "W8Repr" */ = {
			isa = XCConfigurationList;
			buildConfigurations = (
				BE2F9C0C2DCE75AE009DE971 /* Debug */,
				BE2F9C0D2DCE75AE009DE971 /* Release */,
			);
			defaultConfigurationIsVisible = 0;
			defaultConfigurationName = Release;
		};
		BE2F9C0E2DCE75AE009DE971 /* Build configuration list for PBXNativeTarget "W8ReprTests" */ = {
			isa = XCConfigurationList;
			buildConfigurations = (
				BE2F9C0F2DCE75AE009DE971 /* Debug */,
				BE2F9C102DCE75AE009DE971 /* Release */,
			);
			defaultConfigurationIsVisible = 0;
			defaultConfigurationName = Release;
		};
		BE2F9C112DCE75AE009DE971 /* Build configuration list for PBXNativeTarget "W8ReprUITests" */ = {
			isa = XCConfigurationList;
			buildConfigurations = (
				BE2F9C122DCE75AE009DE971 /* Debug */,
				BE2F9C132DCE75AE009DE971 /* Release */,
			);
			defaultConfigurationIsVisible = 0;
			defaultConfigurationName = Release;
		};
/* End XCConfigurationList section */
	};
	rootObject = BE2F9BE22DCE75AB009DE971 /* Project object */;
}
